
Microsoft Visual Studio Solution File, Format Version 12.00
# Visual Studio Version 17
VisualStudioVersion = 17.7.34031.279
MinimumVisualStudioVersion = 10.0.40219.1
Project("{2150E333-8FDC-42A3-9474-1A3956D46DE8}") = "src", "src", "{8BD363D1-EB2B-42F9-98F8-255E68484A79}"
EndProject
Project("{2150E333-8FDC-42A3-9474-1A3956D46DE8}") = "tests", "tests", "{09D22555-EED2-43C7-9378-8D77F9C182C5}"
EndProject
Project("{FAE04EC0-301F-11D3-BF4B-00C04F79EFBC}") = "ValidHabit.Domain", "ValidHabit.Domain\ValidHabit.Domain.csproj", "{7ADFE453-EE10-4F25-8440-7D4646ED375A}"
EndProject
Project("{FAE04EC0-301F-11D3-BF4B-00C04F79EFBC}") = "ValidHabit.Application", "ValidHabit.Application\ValidHabit.Application.csproj", "{D6E05122-7927-4807-B141-246543DF6CC4}"
	ProjectSection(ProjectDependencies) = postProject
		{7ADFE453-EE10-4F25-8440-7D4646ED375A} = {7ADFE453-EE10-4F25-8440-7D4646ED375A}
	EndProjectSection
EndProject
Project("{FAE04EC0-301F-11D3-BF4B-00C04F79EFBC}") = "ValidHabit.Infrastructure", "ValidHabit.Infrastructure\ValidHabit.Infrastructure.csproj", "{CF25C66C-7893-4245-B46C-69EE2BCF4E1D}"
	ProjectSection(ProjectDependencies) = postProject
		{7ADFE453-EE10-4F25-8440-7D4646ED375A} = {7ADFE453-EE10-4F25-8440-7D4646ED375A}
		{D6E05122-7927-4807-B141-246543DF6CC4} = {D6E05122-7927-4807-B141-246543DF6CC4}
	EndProjectSection
EndProject
Project("{FAE04EC0-301F-11D3-BF4B-00C04F79EFBC}") = "ValidHabit.WebUI", "ValidHabit.WebUI\ValidHabit.WebUI.csproj", "{5903BBFE-61BF-4BFD-B478-7891AEEBFDD9}"
	ProjectSection(ProjectDependencies) = postProject
		{D6E05122-7927-4807-B141-246543DF6CC4} = {D6E05122-7927-4807-B141-246543DF6CC4}
	EndProjectSection
EndProject
Global
	GlobalSection(SolutionConfigurationPlatforms) = preSolution
		Debug|Any CPU = Debug|Any CPU
		Release|Any CPU = Release|Any CPU
	EndGlobalSection
	GlobalSection(ProjectConfigurationPlatforms) = postSolution
		{7ADFE453-EE10-4F25-8440-7D4646ED375A}.Debug|Any CPU.ActiveCfg = Debug|Any CPU
		{7ADFE453-EE10-4F25-8440-7D4646ED375A}.Debug|Any CPU.Build.0 = Debug|Any CPU
		{7ADFE453-EE10-4F25-8440-7D4646ED375A}.Release|Any CPU.ActiveCfg = Release|Any CPU
		{7ADFE453-EE10-4F25-8440-7D4646ED375A}.Release|Any CPU.Build.0 = Release|Any CPU
		{D6E05122-7927-4807-B141-246543DF6CC4}.Debug|Any CPU.ActiveCfg = Debug|Any CPU
		{D6E05122-7927-4807-B141-246543DF6CC4}.Debug|Any CPU.Build.0 = Debug|Any CPU
		{D6E05122-7927-4807-B141-246543DF6CC4}.Release|Any CPU.ActiveCfg = Release|Any CPU
		{D6E05122-7927-4807-B141-246543DF6CC4}.Release|Any CPU.Build.0 = Release|Any CPU
		{CF25C66C-7893-4245-B46C-69EE2BCF4E1D}.Debug|Any CPU.ActiveCfg = Debug|Any CPU
		{CF25C66C-7893-4245-B46C-69EE2BCF4E1D}.Debug|Any CPU.Build.0 = Debug|Any CPU
		{CF25C66C-7893-4245-B46C-69EE2BCF4E1D}.Release|Any CPU.ActiveCfg = Release|Any CPU
		{CF25C66C-7893-4245-B46C-69EE2BCF4E1D}.Release|Any CPU.Build.0 = Release|Any CPU
		{5903BBFE-61BF-4BFD-B478-7891AEEBFDD9}.Debug|Any CPU.ActiveCfg = Debug|Any CPU
		{5903BBFE-61BF-4BFD-B478-7891AEEBFDD9}.Debug|Any CPU.Build.0 = Debug|Any CPU
		{5903BBFE-61BF-4BFD-B478-7891AEEBFDD9}.Release|Any CPU.ActiveCfg = Release|Any CPU
		{5903BBFE-61BF-4BFD-B478-7891AEEBFDD9}.Release|Any CPU.Build.0 = Release|Any CPU
	EndGlobalSection
	GlobalSection(SolutionProperties) = preSolution
		HideSolutionNode = FALSE
	EndGlobalSection
	GlobalSection(NestedProjects) = preSolution
		{7ADFE453-EE10-4F25-8440-7D4646ED375A} = {8BD363D1-EB2B-42F9-98F8-255E68484A79}
		{D6E05122-7927-4807-B141-246543DF6CC4} = {8BD363D1-EB2B-42F9-98F8-255E68484A79}
		{CF25C66C-7893-4245-B46C-69EE2BCF4E1D} = {8BD363D1-EB2B-42F9-98F8-255E68484A79}
		{5903BBFE-61BF-4BFD-B478-7891AEEBFDD9} = {8BD363D1-EB2B-42F9-98F8-255E68484A79}
	EndGlobalSection
	GlobalSection(ExtensibilityGlobals) = postSolution
		SolutionGuid = {94A04EB1-AE37-475F-B221-B05382575B56}
	EndGlobalSection
EndGlobal
